
Microsoft Visual Studio Solution File, Format Version 12.00
# Visual Studio Version 17
VisualStudioVersion = 17.12.35527.113
MinimumVisualStudioVersion = 10.0.40219.1
Project("{FAE04EC0-301F-11D3-BF4B-00C04F79EFBC}") = "BackendApi", "BackendApi\BackendApi.csproj", "{DBC18CA3-42E5-410C-8598-D2E2E34E2757}"
EndProject
Project("{FAE04EC0-301F-11D3-BF4B-00C04F79EFBC}") = "BCASGradePortal.Core", "..\BCASGradePortal.Core\BCASGradePortal.Core.csproj", "{1E3B29B1-0210-4932-84E7-084430A6BE8B}"
EndProject
Global
	GlobalSection(SolutionConfigurationPlatforms) = preSolution
		Debug|Any CPU = Debug|Any CPU
		Release|Any CPU = Release|Any CPU
	EndGlobalSection
	GlobalSection(ProjectConfigurationPlatforms) = postSolution
		{DBC18CA3-42E5-410C-8598-D2E2E34E2757}.Debug|Any CPU.ActiveCfg = Debug|Any CPU
		{DBC18CA3-42E5-410C-8598-D2E2E34E2757}.Debug|Any CPU.Build.0 = Debug|Any CPU
		{DBC18CA3-42E5-410C-8598-D2E2E34E2757}.Release|Any CPU.ActiveCfg = Release|Any CPU
		{DBC18CA3-42E5-410C-8598-D2E2E34E2757}.Release|Any CPU.Build.0 = Release|Any CPU
		{1E3B29B1-0210-4932-84E7-084430A6BE8B}.Debug|Any CPU.ActiveCfg = Debug|Any CPU
		{1E3B29B1-0210-4932-84E7-084430A6BE8B}.Debug|Any CPU.Build.0 = Debug|Any CPU
		{1E3B29B1-0210-4932-84E7-084430A6BE8B}.Release|Any CPU.ActiveCfg = Release|Any CPU
		{1E3B29B1-0210-4932-84E7-084430A6BE8B}.Release|Any CPU.Build.0 = Release|Any CPU
	EndGlobalSection
	GlobalSection(SolutionProperties) = preSolution
		HideSolutionNode = FALSE
	EndGlobalSection
	GlobalSection(ExtensibilityGlobals) = postSolution
		SolutionGuid = {529A07EB-A239-4311-9507-25CDC571C447}
	EndGlobalSection
EndGlobal
